
Microsoft Visual Studio Solution File, Format Version 12.00
# Visual Studio Version 17
VisualStudioVersion = 17.5.002.0
MinimumVisualStudioVersion = 10.0.40219.1
Project("{9A19103F-16F7-4668-BE54-9A1E7A4F7556}") = "CommandService", "CommandService.csproj", "{AA5BDDF2-E63F-4B93-9DA4-5EE40B96BDBB}"
EndProject
Global
	GlobalSection(SolutionConfigurationPlatforms) = preSolution
		Debug|Any CPU = Debug|Any CPU
		Release|Any CPU = Release|Any CPU
	EndGlobalSection
	GlobalSection(ProjectConfigurationPlatforms) = postSolution
		{AA5BDDF2-E63F-4B93-9DA4-5EE40B96BDBB}.Debug|Any CPU.ActiveCfg = Debug|Any CPU
		{AA5BDDF2-E63F-4B93-9DA4-5EE40B96BDBB}.Debug|Any CPU.Build.0 = Debug|Any CPU
		{AA5BDDF2-E63F-4B93-9DA4-5EE40B96BDBB}.Release|Any CPU.ActiveCfg = Release|Any CPU
		{AA5BDDF2-E63F-4B93-9DA4-5EE40B96BDBB}.Release|Any CPU.Build.0 = Release|Any CPU
	EndGlobalSection
	GlobalSection(SolutionProperties) = preSolution
		HideSolutionNode = FALSE
	EndGlobalSection
	GlobalSection(ExtensibilityGlobals) = postSolution
		SolutionGuid = {084492CD-A307-4627-B84F-F1F962FB17C2}
	EndGlobalSection
EndGlobal
